// !$*UTF8*$!
{
	archiveVersion = 1;
	classes = {
	};
	objectVersion = 50;
	objects = {

/* Begin PBXBuildFile section */
		322AE115261AF8CA000D4579 /* AppDelegate.swift in Sources */ = {isa = PBXBuildFile; fileRef = 322AE114261AF8CA000D4579 /* AppDelegate.swift */; };
		322AE117261AF8CA000D4579 /* SceneDelegate.swift in Sources */ = {isa = PBXBuildFile; fileRef = 322AE116261AF8CA000D4579 /* SceneDelegate.swift */; };
		322AE11C261AF8CA000D4579 /* Main.storyboard in Resources */ = {isa = PBXBuildFile; fileRef = 322AE11A261AF8CA000D4579 /* Main.storyboard */; };
		322AE11E261AF8D2000D4579 /* Assets.xcassets in Resources */ = {isa = PBXBuildFile; fileRef = 322AE11D261AF8D2000D4579 /* Assets.xcassets */; };
		322AE121261AF8D2000D4579 /* LaunchScreen.storyboard in Resources */ = {isa = PBXBuildFile; fileRef = 322AE11F261AF8D2000D4579 /* LaunchScreen.storyboard */; };
		322AE131261AFC4D000D4579 /* PersonsListViewController.swift in Sources */ = {isa = PBXBuildFile; fileRef = 322AE130261AFC4D000D4579 /* PersonsListViewController.swift */; };
		322AE136261B00BB000D4579 /* Persons.swift in Sources */ = {isa = PBXBuildFile; fileRef = 322AE135261B00BB000D4579 /* Persons.swift */; };
		322AE139261B04FC000D4579 /* DataManager.swift in Sources */ = {isa = PBXBuildFile; fileRef = 322AE138261B04FC000D4579 /* DataManager.swift */; };
		322AE13E261B0DD9000D4579 /* SecondPersonsListViewController.swift in Sources */ = {isa = PBXBuildFile; fileRef = 322AE13D261B0DD9000D4579 /* SecondPersonsListViewController.swift */; };
		322AE142261B1BE9000D4579 /* ViewController.swift in Sources */ = {isa = PBXBuildFile; fileRef = 322AE141261B1BE9000D4579 /* ViewController.swift */; };
		322AE145261C6173000D4579 /* TabBarController.swift in Sources */ = {isa = PBXBuildFile; fileRef = 322AE144261C6173000D4579 /* TabBarController.swift */; };
/* End PBXBuildFile section */

/* Begin PBXFileReference section */
		322AE111261AF8CA000D4579 /* HW2.7.app */ = {isa = PBXFileReference; explicitFileType = wrapper.application; includeInIndex = 0; path = HW2.7.app; sourceTree = BUILT_PRODUCTS_DIR; };
		322AE114261AF8CA000D4579 /* AppDelegate.swift */ = {isa = PBXFileReference; lastKnownFileType = sourcecode.swift; path = AppDelegate.swift; sourceTree = "<group>"; };
		322AE116261AF8CA000D4579 /* SceneDelegate.swift */ = {isa = PBXFileReference; lastKnownFileType = sourcecode.swift; path = SceneDelegate.swift; sourceTree = "<group>"; };
		322AE11B261AF8CA000D4579 /* Base */ = {isa = PBXFileReference; lastKnownFileType = file.storyboard; name = Base; path = Base.lproj/Main.storyboard; sourceTree = "<group>"; };
		322AE11D261AF8D2000D4579 /* Assets.xcassets */ = {isa = PBXFileReference; lastKnownFileType = folder.assetcatalog; path = Assets.xcassets; sourceTree = "<group>"; };
		322AE120261AF8D2000D4579 /* Base */ = {isa = PBXFileReference; lastKnownFileType = file.storyboard; name = Base; path = Base.lproj/LaunchScreen.storyboard; sourceTree = "<group>"; };
		322AE122261AF8D2000D4579 /* Info.plist */ = {isa = PBXFileReference; lastKnownFileType = text.plist.xml; path = Info.plist; sourceTree = "<group>"; };
		322AE130261AFC4D000D4579 /* PersonsListViewController.swift */ = {isa = PBXFileReference; lastKnownFileType = sourcecode.swift; path = PersonsListViewController.swift; sourceTree = "<group>"; };
		322AE135261B00BB000D4579 /* Persons.swift */ = {isa = PBXFileReference; lastKnownFileType = sourcecode.swift; path = Persons.swift; sourceTree = "<group>"; };
		322AE138261B04FC000D4579 /* DataManager.swift */ = {isa = PBXFileReference; lastKnownFileType = sourcecode.swift; path = DataManager.swift; sourceTree = "<group>"; };
		322AE13D261B0DD9000D4579 /* SecondPersonsListViewController.swift */ = {isa = PBXFileReference; lastKnownFileType = sourcecode.swift; path = SecondPersonsListViewController.swift; sourceTree = "<group>"; };
		322AE141261B1BE9000D4579 /* ViewController.swift */ = {isa = PBXFileReference; lastKnownFileType = sourcecode.swift; path = ViewController.swift; sourceTree = "<group>"; };
		322AE144261C6173000D4579 /* TabBarController.swift */ = {isa = PBXFileReference; lastKnownFileType = sourcecode.swift; path = TabBarController.swift; sourceTree = "<group>"; };
/* End PBXFileReference section */

/* Begin PBXFrameworksBuildPhase section */
		322AE10E261AF8CA000D4579 /* Frameworks */ = {
			isa = PBXFrameworksBuildPhase;
			buildActionMask = 2147483647;
			files = (
			);
			runOnlyForDeploymentPostprocessing = 0;
		};
/* End PBXFrameworksBuildPhase section */

/* Begin PBXGroup section */
		322AE108261AF8CA000D4579 = {
			isa = PBXGroup;
			children = (
				322AE113261AF8CA000D4579 /* HW2.7 */,
				322AE112261AF8CA000D4579 /* Products */,
			);
			sourceTree = "<group>";
		};
		322AE112261AF8CA000D4579 /* Products */ = {
			isa = PBXGroup;
			children = (
				322AE111261AF8CA000D4579 /* HW2.7.app */,
			);
			name = Products;
			sourceTree = "<group>";
		};
		322AE113261AF8CA000D4579 /* HW2.7 */ = {
			isa = PBXGroup;
			children = (
				322AE129261AF97F000D4579 /* ViewControllers */,
				322AE12A261AF997000D4579 /* Models */,
				322AE12B261AF9A5000D4579 /* Storyboards */,
				322AE12C261AF9FC000D4579 /* Sources */,
				322AE12D261AFA15000D4579 /* SupportingFiles */,
			);
			path = HW2.7;
			sourceTree = "<group>";
		};
		322AE129261AF97F000D4579 /* ViewControllers */ = {
			isa = PBXGroup;
			children = (
				322AE130261AFC4D000D4579 /* PersonsListViewController.swift */,
				322AE141261B1BE9000D4579 /* ViewController.swift */,
				322AE13D261B0DD9000D4579 /* SecondPersonsListViewController.swift */,
				322AE144261C6173000D4579 /* TabBarController.swift */,
			);
			path = ViewControllers;
			sourceTree = "<group>";
		};
		322AE12A261AF997000D4579 /* Models */ = {
			isa = PBXGroup;
			children = (
				322AE135261B00BB000D4579 /* Persons.swift */,
				322AE138261B04FC000D4579 /* DataManager.swift */,
			);
			path = Models;
			sourceTree = "<group>";
		};
		322AE12B261AF9A5000D4579 /* Storyboards */ = {
			isa = PBXGroup;
			children = (
				322AE11A261AF8CA000D4579 /* Main.storyboard */,
				322AE11F261AF8D2000D4579 /* LaunchScreen.storyboard */,
			);
			path = Storyboards;
			sourceTree = "<group>";
		};
		322AE12C261AF9FC000D4579 /* Sources */ = {
			isa = PBXGroup;
			children = (
				322AE11D261AF8D2000D4579 /* Assets.xcassets */,
			);
			path = Sources;
			sourceTree = "<group>";
		};
		322AE12D261AFA15000D4579 /* SupportingFiles */ = {
			isa = PBXGroup;
			children = (
				322AE116261AF8CA000D4579 /* SceneDelegate.swift */,
				322AE114261AF8CA000D4579 /* AppDelegate.swift */,
				322AE122261AF8D2000D4579 /* Info.plist */,
			);
			path = SupportingFiles;
			sourceTree = "<group>";
		};
/* End PBXGroup section */

/* Begin PBXNativeTarget section */
		322AE110261AF8CA000D4579 /* HW2.7 */ = {
			isa = PBXNativeTarget;
			buildConfigurationList = 322AE125261AF8D2000D4579 /* Build configuration list for PBXNativeTarget "HW2.7" */;
			buildPhases = (
				322AE10D261AF8CA000D4579 /* Sources */,
				322AE10E261AF8CA000D4579 /* Frameworks */,
				322AE10F261AF8CA000D4579 /* Resources */,
			);
			buildRules = (
			);
			dependencies = (
			);
			name = HW2.7;
			productName = HW2.7;
			productReference = 322AE111261AF8CA000D4579 /* HW2.7.app */;
			productType = "com.apple.product-type.application";
		};
/* End PBXNativeTarget section */

/* Begin PBXProject section */
		322AE109261AF8CA000D4579 /* Project object */ = {
			isa = PBXProject;
			attributes = {
				LastSwiftUpdateCheck = 1240;
				LastUpgradeCheck = 1240;
				TargetAttributes = {
					322AE110261AF8CA000D4579 = {
						CreatedOnToolsVersion = 12.4;
					};
				};
			};
			buildConfigurationList = 322AE10C261AF8CA000D4579 /* Build configuration list for PBXProject "HW2.7" */;
			compatibilityVersion = "Xcode 9.3";
			developmentRegion = en;
			hasScannedForEncodings = 0;
			knownRegions = (
				en,
				Base,
			);
			mainGroup = 322AE108261AF8CA000D4579;
			productRefGroup = 322AE112261AF8CA000D4579 /* Products */;
			projectDirPath = "";
			projectRoot = "";
			targets = (
				322AE110261AF8CA000D4579 /* HW2.7 */,
			);
		};
/* End PBXProject section */

/* Begin PBXResourcesBuildPhase section */
		322AE10F261AF8CA000D4579 /* Resources */ = {
			isa = PBXResourcesBuildPhase;
			buildActionMask = 2147483647;
			files = (
				322AE121261AF8D2000D4579 /* LaunchScreen.storyboard in Resources */,
				322AE11E261AF8D2000D4579 /* Assets.xcassets in Resources */,
				322AE11C261AF8CA000D4579 /* Main.storyboard in Resources */,
			);
			runOnlyForDeploymentPostprocessing = 0;
		};
/* End PBXResourcesBuildPhase section */

/* Begin PBXSourcesBuildPhase section */
		322AE10D261AF8CA000D4579 /* Sources */ = {
			isa = PBXSourcesBuildPhase;
			buildActionMask = 2147483647;
			files = (
				322AE115261AF8CA000D4579 /* AppDelegate.swift in Sources */,
				322AE145261C6173000D4579 /* TabBarController.swift in Sources */,
				322AE139261B04FC000D4579 /* DataManager.swift in Sources */,
				322AE131261AFC4D000D4579 /* PersonsListViewController.swift in Sources */,
				322AE136261B00BB000D4579 /* Persons.swift in Sources */,
				322AE142261B1BE9000D4579 /* ViewController.swift in Sources */,
				322AE117261AF8CA000D4579 /* SceneDelegate.swift in Sources */,
				322AE13E261B0DD9000D4579 /* SecondPersonsListViewController.swift in Sources */,
			);
			runOnlyForDeploymentPostprocessing = 0;
		};
/* End PBXSourcesBuildPhase section */

/* Begin PBXVariantGroup section */
		322AE11A261AF8CA000D4579 /* Main.storyboard */ = {
			isa = PBXVariantGroup;
			children = (
				322AE11B261AF8CA000D4579 /* Base */,
			);
			name = Main.storyboard;
			sourceTree = "<group>";
		};
		322AE11F261AF8D2000D4579 /* LaunchScreen.storyboard */ = {
			isa = PBXVariantGroup;
			children = (
				322AE120261AF8D2000D4579 /* Base */,
			);
			name = LaunchScreen.storyboard;
			sourceTree = "<group>";
		};
/* End PBXVariantGroup section */

/* Begin XCBuildConfiguration section */
		322AE123261AF8D2000D4579 /* Debug */ = {
			isa = XCBuildConfiguration;
			buildSettings = {
				ALWAYS_SEARCH_USER_PATHS = NO;
				CLANG_ANALYZER_NONNULL = YES;
				CLANG_ANALYZER_NUMBER_OBJECT_CONVERSION = YES_AGGRESSIVE;
				CLANG_CXX_LANGUAGE_STANDARD = "gnu++14";
				CLANG_CXX_LIBRARY = "libc++";
				CLANG_ENABLE_MODULES = YES;
				CLANG_ENABLE_OBJC_ARC = YES;
				CLANG_ENABLE_OBJC_WEAK = YES;
				CLANG_WARN_BLOCK_CAPTURE_AUTORELEASING = YES;
				CLANG_WARN_BOOL_CONVERSION = YES;
				CLANG_WARN_COMMA = YES;
				CLANG_WARN_CONSTANT_CONVERSION = YES;
				CLANG_WARN_DEPRECATED_OBJC_IMPLEMENTATIONS = YES;
				CLANG_WARN_DIRECT_OBJC_ISA_USAGE = YES_ERROR;
				CLANG_WARN_DOCUMENTATION_COMMENTS = YES;
				CLANG_WARN_EMPTY_BODY = YES;
				CLANG_WARN_ENUM_CONVERSION = YES;
				CLANG_WARN_INFINITE_RECURSION = YES;
				CLANG_WARN_INT_CONVERSION = YES;
				CLANG_WARN_NON_LITERAL_NULL_CONVERSION = YES;
				CLANG_WARN_OBJC_IMPLICIT_RETAIN_SELF = YES;
				CLANG_WARN_OBJC_LITERAL_CONVERSION = YES;
				CLANG_WARN_OBJC_ROOT_CLASS = YES_ERROR;
				CLANG_WARN_QUOTED_INCLUDE_IN_FRAMEWORK_HEADER = YES;
				CLANG_WARN_RANGE_LOOP_ANALYSIS = YES;
				CLANG_WARN_STRICT_PROTOTYPES = YES;
				CLANG_WARN_SUSPICIOUS_MOVE = YES;
				CLANG_WARN_UNGUARDED_AVAILABILITY = YES_AGGRESSIVE;
				CLANG_WARN_UNREACHABLE_CODE = YES;
				CLANG_WARN__DUPLICATE_METHOD_MATCH = YES;
				COPY_PHASE_STRIP = NO;
				DEBUG_INFORMATION_FORMAT = dwarf;
				ENABLE_STRICT_OBJC_MSGSEND = YES;
				ENABLE_TESTABILITY = YES;
				GCC_C_LANGUAGE_STANDARD = gnu11;
				GCC_DYNAMIC_NO_PIC = NO;
				GCC_NO_COMMON_BLOCKS = YES;
				GCC_OPTIMIZATION_LEVEL = 0;
				GCC_PREPROCESSOR_DEFINITIONS = (
					"DEBUG=1",
					"$(inherited)",
				);
				GCC_WARN_64_TO_32_BIT_CONVERSION = YES;
				GCC_WARN_ABOUT_RETURN_TYPE = YES_ERROR;
				GCC_WARN_UNDECLARED_SELECTOR = YES;
				GCC_WARN_UNINITIALIZED_AUTOS = YES_AGGRESSIVE;
				GCC_WARN_UNUSED_FUNCTION = YES;
				GCC_WARN_UNUSED_VARIABLE = YES;
				IPHONEOS_DEPLOYMENT_TARGET = 14.4;
				MTL_ENABLE_DEBUG_INFO = INCLUDE_SOURCE;
				MTL_FAST_MATH = YES;
				ONLY_ACTIVE_ARCH = YES;
				SDKROOT = iphoneos;
				SWIFT_ACTIVE_COMPILATION_CONDITIONS = DEBUG;
				SWIFT_OPTIMIZATION_LEVEL = "-Onone";
			};
			name = Debug;
		};
		322AE124261AF8D2000D4579 /* Release */ = {
			isa = XCBuildConfiguration;
			buildSettings = {
				ALWAYS_SEARCH_USER_PATHS = NO;
				CLANG_ANALYZER_NONNULL = YES;
				CLANG_ANALYZER_NUMBER_OBJECT_CONVERSION = YES_AGGRESSIVE;
				CLANG_CXX_LANGUAGE_STANDARD = "gnu++14";
				CLANG_CXX_LIBRARY = "libc++";
				CLANG_ENABLE_MODULES = YES;
				CLANG_ENABLE_OBJC_ARC = YES;
				CLANG_ENABLE_OBJC_WEAK = YES;
				CLANG_WARN_BLOCK_CAPTURE_AUTORELEASING = YES;
				CLANG_WARN_BOOL_CONVERSION = YES;
				CLANG_WARN_COMMA = YES;
				CLANG_WARN_CONSTANT_CONVERSION = YES;
				CLANG_WARN_DEPRECATED_OBJC_IMPLEMENTATIONS = YES;
				CLANG_WARN_DIRECT_OBJC_ISA_USAGE = YES_ERROR;
				CLANG_WARN_DOCUMENTATION_COMMENTS = YES;
				CLANG_WARN_EMPTY_BODY = YES;
				CLANG_WARN_ENUM_CONVERSION = YES;
				CLANG_WARN_INFINITE_RECURSION = YES;
				CLANG_WARN_INT_CONVERSION = YES;
				CLANG_WARN_NON_LITERAL_NULL_CONVERSION = YES;
				CLANG_WARN_OBJC_IMPLICIT_RETAIN_SELF = YES;
				CLANG_WARN_OBJC_LITERAL_CONVERSION = YES;
				CLANG_WARN_OBJC_ROOT_CLASS = YES_ERROR;
				CLANG_WARN_QUOTED_INCLUDE_IN_FRAMEWORK_HEADER = YES;
				CLANG_WARN_RANGE_LOOP_ANALYSIS = YES;
				CLANG_WARN_STRICT_PROTOTYPES = YES;
				CLANG_WARN_SUSPICIOUS_MOVE = YES;
				CLANG_WARN_UNGUARDED_AVAILABILITY = YES_AGGRESSIVE;
				CLANG_WARN_UNREACHABLE_CODE = YES;
				CLANG_WARN__DUPLICATE_METHOD_MATCH = YES;
				COPY_PHASE_STRIP = NO;
				DEBUG_INFORMATION_FORMAT = "dwarf-with-dsym";
				ENABLE_NS_ASSERTIONS = NO;
				ENABLE_STRICT_OBJC_MSGSEND = YES;
				GCC_C_LANGUAGE_STANDARD = gnu11;
				GCC_NO_COMMON_BLOCKS = YES;
				GCC_WARN_64_TO_32_BIT_CONVERSION = YES;
				GCC_WARN_ABOUT_RETURN_TYPE = YES_ERROR;
				GCC_WARN_UNDECLARED_SELECTOR = YES;
				GCC_WARN_UNINITIALIZED_AUTOS = YES_AGGRESSIVE;
				GCC_WARN_UNUSED_FUNCTION = YES;
				GCC_WARN_UNUSED_VARIABLE = YES;
				IPHONEOS_DEPLOYMENT_TARGET = 14.4;
				MTL_ENABLE_DEBUG_INFO = NO;
				MTL_FAST_MATH = YES;
				SDKROOT = iphoneos;
				SWIFT_COMPILATION_MODE = wholemodule;
				SWIFT_OPTIMIZATION_LEVEL = "-O";
				VALIDATE_PRODUCT = YES;
			};
			name = Release;
		};
		322AE126261AF8D2000D4579 /* Debug */ = {
			isa = XCBuildConfiguration;
			buildSettings = {
				ASSETCATALOG_COMPILER_APPICON_NAME = AppIcon;
				ASSETCATALOG_COMPILER_GLOBAL_ACCENT_COLOR_NAME = AccentColor;
				CODE_SIGN_STYLE = Automatic;
				DEVELOPMENT_TEAM = Q56H3JNA98;
				INFOPLIST_FILE = HW2.7/SupportingFiles/Info.plist;
				LD_RUNPATH_SEARCH_PATHS = (
					"$(inherited)",
					"@executable_path/Frameworks",
				);
				PRODUCT_BUNDLE_IDENTIFIER = "hhj.HW2-7";
				PRODUCT_NAME = "$(TARGET_NAME)";
				SWIFT_VERSION = 5.0;
				TARGETED_DEVICE_FAMILY = "1,2";
			};
			name = Debug;
		};
		322AE127261AF8D2000D4579 /* Release */ = {
			isa = XCBuildConfiguration;
			buildSettings = {
				ASSETCATALOG_COMPILER_APPICON_NAME = AppIcon;
				ASSETCATALOG_COMPILER_GLOBAL_ACCENT_COLOR_NAME = AccentColor;
				CODE_SIGN_STYLE = Automatic;
				DEVELOPMENT_TEAM = Q56H3JNA98;
				INFOPLIST_FILE = HW2.7/SupportingFiles/Info.plist;
				LD_RUNPATH_SEARCH_PATHS = (
					"$(inherited)",
					"@executable_path/Frameworks",
				);
				PRODUCT_BUNDLE_IDENTIFIER = "hhj.HW2-7";
				PRODUCT_NAME = "$(TARGET_NAME)";
				SWIFT_VERSION = 5.0;
				TARGETED_DEVICE_FAMILY = "1,2";
			};
			name = Release;
		};
/* End XCBuildConfiguration section */

/* Begin XCConfigurationList section */
		322AE10C261AF8CA000D4579 /* Build configuration list for PBXProject "HW2.7" */ = {
			isa = XCConfigurationList;
			buildConfigurations = (
				322AE123261AF8D2000D4579 /* Debug */,
				322AE124261AF8D2000D4579 /* Release */,
			);
			defaultConfigurationIsVisible = 0;
			defaultConfigurationName = Release;
		};
		322AE125261AF8D2000D4579 /* Build configuration list for PBXNativeTarget "HW2.7" */ = {
			isa = XCConfigurationList;
			buildConfigurations = (
				322AE126261AF8D2000D4579 /* Debug */,
				322AE127261AF8D2000D4579 /* Release */,
			);
			defaultConfigurationIsVisible = 0;
			defaultConfigurationName = Release;
		};
/* End XCConfigurationList section */
	};
	rootObject = 322AE109261AF8CA000D4579 /* Project object */;
}
